
Microsoft Visual Studio Solution File, Format Version 12.00
# Visual Studio 15
VisualStudioVersion = 15.0.28307.168
MinimumVisualStudioVersion = 10.0.40219.1
Project("{FAE04EC0-301F-11D3-BF4B-00C04F79EFBC}") = "excel-l2t", "excel-l2t\excel-l2t.csproj", "{61377831-C5D0-40A0-A8F1-F24AE5DDE456}"
EndProject
Global
	GlobalSection(SolutionConfigurationPlatforms) = preSolution
		Debug|Any CPU = Debug|Any CPU
		Release|Any CPU = Release|Any CPU
	EndGlobalSection
	GlobalSection(ProjectConfigurationPlatforms) = postSolution
		{61377831-C5D0-40A0-A8F1-F24AE5DDE456}.Debug|Any CPU.ActiveCfg = Debug|Any CPU
		{61377831-C5D0-40A0-A8F1-F24AE5DDE456}.Debug|Any CPU.Build.0 = Debug|Any CPU
		{61377831-C5D0-40A0-A8F1-F24AE5DDE456}.Release|Any CPU.ActiveCfg = Release|Any CPU
		{61377831-C5D0-40A0-A8F1-F24AE5DDE456}.Release|Any CPU.Build.0 = Release|Any CPU
	EndGlobalSection
	GlobalSection(SolutionProperties) = preSolution
		HideSolutionNode = FALSE
	EndGlobalSection
	GlobalSection(ExtensibilityGlobals) = postSolution
		SolutionGuid = {1913E63A-8FF9-428D-A237-D41BDD8F1FD9}
	EndGlobalSection
EndGlobal
